
Microsoft Visual Studio Solution File, Format Version 12.00
# Visual Studio Version 17
VisualStudioVersion = 17.14.36127.28 d17.14
MinimumVisualStudioVersion = 10.0.40219.1
Project("{FAE04EC0-301F-11D3-BF4B-00C04F79EFBC}") = "ConsoleAppDemo", "ConsoleAppDemo.csproj", "{0E092874-412B-4ABA-BD08-69D70E13B257}"
EndProject
Global
	GlobalSection(SolutionConfigurationPlatforms) = preSolution
		Debug|Any CPU = Debug|Any CPU
		Release|Any CPU = Release|Any CPU
	EndGlobalSection
	GlobalSection(ProjectConfigurationPlatforms) = postSolution
		{0E092874-412B-4ABA-BD08-69D70E13B257}.Debug|Any CPU.ActiveCfg = Debug|Any CPU
		{0E092874-412B-4ABA-BD08-69D70E13B257}.Debug|Any CPU.Build.0 = Debug|Any CPU
		{0E092874-412B-4ABA-BD08-69D70E13B257}.Release|Any CPU.ActiveCfg = Release|Any CPU
		{0E092874-412B-4ABA-BD08-69D70E13B257}.Release|Any CPU.Build.0 = Release|Any CPU
	EndGlobalSection
	GlobalSection(SolutionProperties) = preSolution
		HideSolutionNode = FALSE
	EndGlobalSection
	GlobalSection(ExtensibilityGlobals) = postSolution
		SolutionGuid = {73CFF11B-BFC6-4CC4-9E3C-DABCBAE4B8B9}
	EndGlobalSection
EndGlobal
